<?xml version="1.0" encoding="utf-8"?>
<Project ToolsVersion="4.0" xmlns="http://schemas.microsoft.com/developer/msbuild/2003">
  <ItemGroup>
    <Filter Include="源文件">
      <UniqueIdentifier>{4FC737F1-C7A5-4376-A066-2A32D752A2FF}</UniqueIdentifier>
      <Extensions>cpp;c;cc;cxx;c++;def;odl;idl;hpj;bat;asm;asmx</Extensions>
    </Filter>
    <Filter Include="头文件">
      <UniqueIdentifier>{93995380-89BD-4b04-88EB-625FBE52EBFB}</UniqueIdentifier>
      <Extensions>h;hh;hpp;hxx;h++;hm;inl;inc;ipp;xsd</Extensions>
    </Filter>
    <Filter Include="资源文件">
      <UniqueIdentifier>{67DA6AB6-F800-4c08-8B7A-83BB121AAD01}</UniqueIdentifier>
      <Extensions>rc;ico;cur;bmp;dlg;rc2;rct;bin;rgs;gif;jpg;jpeg;jpe;resx;tiff;tif;png;wav;mfcribbon-ms</Extensions>
    </Filter>
  </ItemGroup>
  <ItemGroup>
    <ClCompile Include="test01_ProjectMain.cpp">
      <Filter>源文件</Filter>
    </ClCompile>
    <ClCompile Include="test02_MinExample.cpp">
      <Filter>源文件</Filter>
    </ClCompile>
    <ClCompile Include="test03_BaseDataType.cpp">
      <Filter>源文件</Filter>
    </ClCompile>
    <ClCompile Include="test04_Struct.cpp">
      <Filter>源文件</Filter>
    </ClCompile>
    <ClCompile Include="test05_PointTo.cpp">
      <Filter>源文件</Filter>
    </ClCompile>
    <ClCompile Include="test06_Oop.cpp">
      <Filter>源文件</Filter>
    </ClCompile>
    <ClCompile Include="test07_PointClass.cpp">
      <Filter>源文件</Filter>
    </ClCompile>
    <ClCompile Include="test10_ADTAndAlgorithms.cpp">
      <Filter>源文件</Filter>
    </ClCompile>
    <ClCompile Include="test11_ADTOfLinearList.cpp">
      <Filter>源文件</Filter>
    </ClCompile>
    <ClCompile Include="test12_ADTOfStack.cpp">
      <Filter>源文件</Filter>
    </ClCompile>
    <ClCompile Include="test13_ADTOfQueue.cpp">
      <Filter>源文件</Filter>
    </ClCompile>
    <ClCompile Include="test14_ADTOfTree.cpp">
      <Filter>源文件</Filter>
    </ClCompile>
    <ClCompile Include="test15_ADTOfGraph.cpp">
      <Filter>源文件</Filter>
    </ClCompile>
    <ClCompile Include="test16_AlgOfSearch.cpp">
      <Filter>源文件</Filter>
    </ClCompile>
    <ClCompile Include="test17_AlgOfSort.cpp">
      <Filter>源文件</Filter>
    </ClCompile>
    <ClCompile Include="test20_StlAbstract.cpp">
      <Filter>源文件</Filter>
    </ClCompile>
    <ClCompile Include="test06_2_Oop.cpp">
      <Filter>源文件</Filter>
    </ClCompile>
    <ClCompile Include="test21_StlConOfVector.cpp">
      <Filter>源文件</Filter>
    </ClCompile>
    <ClCompile Include="test22_StlConOfDeque.cpp">
      <Filter>源文件</Filter>
    </ClCompile>
    <ClCompile Include="test23_StlConOfList.cpp">
      <Filter>源文件</Filter>
    </ClCompile>
    <ClCompile Include="test24_StlConOfSet.cpp">
      <Filter>源文件</Filter>
    </ClCompile>
    <ClCompile Include="test25_StlConOfMap.cpp">
      <Filter>源文件</Filter>
    </ClCompile>
    <ClCompile Include="test26_StlAlg.cpp">
      <Filter>源文件</Filter>
    </ClCompile>
    <ClCompile Include="test27_StlString.cpp">
      <Filter>源文件</Filter>
    </ClCompile>
    <ClCompile Include="test30_OpenCv.cpp">
      <Filter>源文件</Filter>
    </ClCompile>
  </ItemGroup>
  <ItemGroup>
    <ClInclude Include="test02_MinExample.h">
      <Filter>头文件</Filter>
    </ClInclude>
    <ClInclude Include="test03_BaseDataType.h">
      <Filter>头文件</Filter>
    </ClInclude>
    <ClInclude Include="test04_Struct.h">
      <Filter>头文件</Filter>
    </ClInclude>
    <ClInclude Include="test05_PointTo.h">
      <Filter>头文件</Filter>
    </ClInclude>
    <ClInclude Include="test06_Oop.h">
      <Filter>头文件</Filter>
    </ClInclude>
    <ClInclude Include="test07_PointClass.h">
      <Filter>头文件</Filter>
    </ClInclude>
    <ClInclude Include="test10_ADTAndAlgorithms.h">
      <Filter>头文件</Filter>
    </ClInclude>
    <ClInclude Include="test11_ADTOfLinearList.h">
      <Filter>头文件</Filter>
    </ClInclude>
    <ClInclude Include="test12_ADTOfStack.h">
      <Filter>头文件</Filter>
    </ClInclude>
    <ClInclude Include="test13_ADTOfQueue.h">
      <Filter>头文件</Filter>
    </ClInclude>
    <ClInclude Include="test14_ADTOfTree.h">
      <Filter>头文件</Filter>
    </ClInclude>
    <ClInclude Include="test15_ADTOfGraph.h">
      <Filter>头文件</Filter>
    </ClInclude>
    <ClInclude Include="test16_AlgOfSearch.h">
      <Filter>头文件</Filter>
    </ClInclude>
    <ClInclude Include="test17_AlgOfSort.h">
      <Filter>头文件</Filter>
    </ClInclude>
    <ClInclude Include="test20_StlAbstract.h">
      <Filter>头文件</Filter>
    </ClInclude>
    <ClInclude Include="test21_StlConOfVector.h">
      <Filter>头文件</Filter>
    </ClInclude>
    <ClInclude Include="test22_StlConOfDeque.h">
      <Filter>头文件</Filter>
    </ClInclude>
    <ClInclude Include="test23_StlConOfList.h">
      <Filter>头文件</Filter>
    </ClInclude>
    <ClInclude Include="test24_StlConOfSet.h">
      <Filter>头文件</Filter>
    </ClInclude>
    <ClInclude Include="test25_StlConOfMap.h">
      <Filter>头文件</Filter>
    </ClInclude>
    <ClInclude Include="test27_StlString.h">
      <Filter>头文件</Filter>
    </ClInclude>
    <ClInclude Include="test26_StlAlg.h">
      <Filter>头文件</Filter>
    </ClInclude>
    <ClInclude Include="test30_OpenCv.h">
      <Filter>头文件</Filter>
    </ClInclude>
  </ItemGroup>
</Project>